
Microsoft Visual Studio Solution File, Format Version 12.00
# Visual Studio 14
VisualStudioVersion = 14.0.23107.0
MinimumVisualStudioVersion = 10.0.40219.1
Project("{FAE04EC0-301F-11D3-BF4B-00C04F79EFBC}") = "Lab401", "Lab401\Lab401.csproj", "{CFAE1A41-5C0D-4BBC-A631-D7A7B483894C}"
EndProject
Global
	GlobalSection(SolutionConfigurationPlatforms) = preSolution
		Debug|Any CPU = Debug|Any CPU
		Release|Any CPU = Release|Any CPU
	EndGlobalSection
	GlobalSection(ProjectConfigurationPlatforms) = postSolution
		{CFAE1A41-5C0D-4BBC-A631-D7A7B483894C}.Debug|Any CPU.ActiveCfg = Debug|Any CPU
		{CFAE1A41-5C0D-4BBC-A631-D7A7B483894C}.Debug|Any CPU.Build.0 = Debug|Any CPU
		{CFAE1A41-5C0D-4BBC-A631-D7A7B483894C}.Release|Any CPU.ActiveCfg = Release|Any CPU
		{CFAE1A41-5C0D-4BBC-A631-D7A7B483894C}.Release|Any CPU.Build.0 = Release|Any CPU
	EndGlobalSection
	GlobalSection(SolutionProperties) = preSolution
		HideSolutionNode = FALSE
	EndGlobalSection
EndGlobal
